
Microsoft Visual Studio Solution File, Format Version 12.00
# Visual Studio Version 16
VisualStudioVersion = 16.0.29728.190
MinimumVisualStudioVersion = 10.0.40219.1
Project("{FAE04EC0-301F-11D3-BF4B-00C04F79EFBC}") = "Archivator", "Archivator\Archivator.csproj", "{BB7BAEA8-AC07-4F79-B4B8-289DF6769368}"
EndProject
Global
	GlobalSection(SolutionConfigurationPlatforms) = preSolution
		Debug|Any CPU = Debug|Any CPU
		Release|Any CPU = Release|Any CPU
	EndGlobalSection
	GlobalSection(ProjectConfigurationPlatforms) = postSolution
		{BB7BAEA8-AC07-4F79-B4B8-289DF6769368}.Debug|Any CPU.ActiveCfg = Debug|Any CPU
		{BB7BAEA8-AC07-4F79-B4B8-289DF6769368}.Debug|Any CPU.Build.0 = Debug|Any CPU
		{BB7BAEA8-AC07-4F79-B4B8-289DF6769368}.Release|Any CPU.ActiveCfg = Release|Any CPU
		{BB7BAEA8-AC07-4F79-B4B8-289DF6769368}.Release|Any CPU.Build.0 = Release|Any CPU
	EndGlobalSection
	GlobalSection(SolutionProperties) = preSolution
		HideSolutionNode = FALSE
	EndGlobalSection
	GlobalSection(ExtensibilityGlobals) = postSolution
		SolutionGuid = {3CCDE972-7A60-488A-995B-13231098F962}
	EndGlobalSection
EndGlobal
